{
  "name": "prettier-config-angular",
  "version": "1.0.0",
  "lockfileVersion": 2,
  "requires": true,
  "packages": {
    "": {
      "name": "prettier-config-angular",
      "version": "1.0.0",
      "license": "ISC",
      "dependencies": {
        "@prettier/plugin-xml": "^2.2.0",
        "@types/prettier": "^2.6.1",
        "prettier": "^2.6.2",
        "prettier-plugin-organize-attributes": "^0.0.5"
      }
    },
    "node_modules/@prettier/plugin-xml": {
      "version": "2.2.0",
      "resolved": "https://registry.npmjs.org/@prettier/plugin-xml/-/plugin-xml-2.2.0.tgz",
      "integrity": "sha512-UWRmygBsyj4bVXvDiqSccwT1kmsorcwQwaIy30yVh8T+Gspx4OlC0shX1y+ZuwXZvgnafmpRYKks0bAu9urJew==",
      "dependencies": {
        "@xml-tools/parser": "^1.0.11",
        "prettier": ">=2.4.0"
      }
    },
    "node_modules/@types/prettier": {
      "version": "2.6.1",
      "resolved": "https://registry.npmjs.org/@types/prettier/-/prettier-2.6.1.tgz",
      "integrity": "sha512-XFjFHmaLVifrAKaZ+EKghFHtHSUonyw8P2Qmy2/+osBnrKbH9UYtlK10zg8/kCt47MFilll/DEDKy3DHfJ0URw=="
    },
    "node_modules/@xml-tools/parser": {
      "version": "1.0.11",
      "resolved": "https://registry.npmjs.org/@xml-tools/parser/-/parser-1.0.11.tgz",
      "integrity": "sha512-aKqQ077XnR+oQtHJlrAflaZaL7qZsulWc/i/ZEooar5JiWj1eLt0+Wg28cpa+XLney107wXqneC+oG1IZvxkTA==",
      "dependencies": {
        "chevrotain": "7.1.1"
      }
    },
    "node_modules/chevrotain": {
      "version": "7.1.1",
      "resolved": "https://registry.npmjs.org/chevrotain/-/chevrotain-7.1.1.tgz",
      "integrity": "sha512-wy3mC1x4ye+O+QkEinVJkPf5u2vsrDIYW9G7ZuwFl6v/Yu0LwUuT2POsb+NUWApebyxfkQq6+yDfRExbnI5rcw==",
      "dependencies": {
        "regexp-to-ast": "0.5.0"
      }
    },
    "node_modules/prettier": {
      "version": "2.6.2",
      "resolved": "https://registry.npmjs.org/prettier/-/prettier-2.6.2.tgz",
      "integrity": "sha512-PkUpF+qoXTqhOeWL9fu7As8LXsIUZ1WYaJiY/a7McAQzxjk82OF0tibkFXVCDImZtWxbvojFjerkiLb0/q8mew==",
      "bin": {
        "prettier": "bin-prettier.js"
      },
      "engines": {
        "node": ">=10.13.0"
      },
      "funding": {
        "url": "https://github.com/prettier/prettier?sponsor=1"
      }
    },
    "node_modules/prettier-plugin-organize-attributes": {
      "version": "0.0.5",
      "resolved": "https://registry.npmjs.org/prettier-plugin-organize-attributes/-/prettier-plugin-organize-attributes-0.0.5.tgz",
      "integrity": "sha512-dSts16q8wd+oq8Zwk5mwmYXo1aN3B+ZkEJqx/ar5fedNHdOvx7S4XDMH/pNK7rmBW0bPXkp/kJX5gAANsWzh3A==",
      "engines": {
        "node": ">=11.0.0"
      },
      "peerDependencies": {
        "prettier": "^2.0.0"
      }
    },
    "node_modules/regexp-to-ast": {
      "version": "0.5.0",
      "resolved": "https://registry.npmjs.org/regexp-to-ast/-/regexp-to-ast-0.5.0.tgz",
      "integrity": "sha512-tlbJqcMHnPKI9zSrystikWKwHkBqu2a/Sgw01h3zFjvYrMxEDYHzzoMZnUrbIfpTFEsoRnnviOXNCzFiSc54Qw=="
    }
  },
  "dependencies": {
    "@prettier/plugin-xml": {
      "version": "2.2.0",
      "resolved": "https://registry.npmjs.org/@prettier/plugin-xml/-/plugin-xml-2.2.0.tgz",
      "integrity": "sha512-UWRmygBsyj4bVXvDiqSccwT1kmsorcwQwaIy30yVh8T+Gspx4OlC0shX1y+ZuwXZvgnafmpRYKks0bAu9urJew==",
      "requires": {
        "@xml-tools/parser": "^1.0.11",
        "prettier": ">=2.4.0"
      }
    },
    "@types/prettier": {
      "version": "2.6.1",
      "resolved": "https://registry.npmjs.org/@types/prettier/-/prettier-2.6.1.tgz",
      "integrity": "sha512-XFjFHmaLVifrAKaZ+EKghFHtHSUonyw8P2Qmy2/+osBnrKbH9UYtlK10zg8/kCt47MFilll/DEDKy3DHfJ0URw=="
    },
    "@xml-tools/parser": {
      "version": "1.0.11",
      "resolved": "https://registry.npmjs.org/@xml-tools/parser/-/parser-1.0.11.tgz",
      "integrity": "sha512-aKqQ077XnR+oQtHJlrAflaZaL7qZsulWc/i/ZEooar5JiWj1eLt0+Wg28cpa+XLney107wXqneC+oG1IZvxkTA==",
      "requires": {
        "chevrotain": "7.1.1"
      }
    },
    "chevrotain": {
      "version": "7.1.1",
      "resolved": "https://registry.npmjs.org/chevrotain/-/chevrotain-7.1.1.tgz",
      "integrity": "sha512-wy3mC1x4ye+O+QkEinVJkPf5u2vsrDIYW9G7ZuwFl6v/Yu0LwUuT2POsb+NUWApebyxfkQq6+yDfRExbnI5rcw==",
      "requires": {
        "regexp-to-ast": "0.5.0"
      }
    },
    "prettier": {
      "version": "2.6.2",
      "resolved": "https://registry.npmjs.org/prettier/-/prettier-2.6.2.tgz",
      "integrity": "sha512-PkUpF+qoXTqhOeWL9fu7As8LXsIUZ1WYaJiY/a7McAQzxjk82OF0tibkFXVCDImZtWxbvojFjerkiLb0/q8mew=="
    },
    "prettier-plugin-organize-attributes": {
      "version": "0.0.5",
      "resolved": "https://registry.npmjs.org/prettier-plugin-organize-attributes/-/prettier-plugin-organize-attributes-0.0.5.tgz",
      "integrity": "sha512-dSts16q8wd+oq8Zwk5mwmYXo1aN3B+ZkEJqx/ar5fedNHdOvx7S4XDMH/pNK7rmBW0bPXkp/kJX5gAANsWzh3A==",
      "requires": {}
    },
    "regexp-to-ast": {
      "version": "0.5.0",
      "resolved": "https://registry.npmjs.org/regexp-to-ast/-/regexp-to-ast-0.5.0.tgz",
      "integrity": "sha512-tlbJqcMHnPKI9zSrystikWKwHkBqu2a/Sgw01h3zFjvYrMxEDYHzzoMZnUrbIfpTFEsoRnnviOXNCzFiSc54Qw=="
    }
  }
}
